
Microsoft Visual Studio Solution File, Format Version 12.00
# Visual Studio Version 17
VisualStudioVersion = 17.4.33213.308
MinimumVisualStudioVersion = 10.0.40219.1
Project("{FAE04EC0-301F-11D3-BF4B-00C04F79EFBC}") = "IntroToClasses", "IntroToClasses\IntroToClasses.csproj", "{8E70E421-B69B-4A40-8FCB-F9483C9141B6}"
EndProject
Global
	GlobalSection(SolutionConfigurationPlatforms) = preSolution
		Debug|Any CPU = Debug|Any CPU
		Release|Any CPU = Release|Any CPU
	EndGlobalSection
	GlobalSection(ProjectConfigurationPlatforms) = postSolution
		{8E70E421-B69B-4A40-8FCB-F9483C9141B6}.Debug|Any CPU.ActiveCfg = Debug|Any CPU
		{8E70E421-B69B-4A40-8FCB-F9483C9141B6}.Debug|Any CPU.Build.0 = Debug|Any CPU
		{8E70E421-B69B-4A40-8FCB-F9483C9141B6}.Release|Any CPU.ActiveCfg = Release|Any CPU
		{8E70E421-B69B-4A40-8FCB-F9483C9141B6}.Release|Any CPU.Build.0 = Release|Any CPU
	EndGlobalSection
	GlobalSection(SolutionProperties) = preSolution
		HideSolutionNode = FALSE
	EndGlobalSection
	GlobalSection(ExtensibilityGlobals) = postSolution
		SolutionGuid = {5A87E556-7A6E-4C0F-BE81-517E6F92AEDB}
	EndGlobalSection
EndGlobal
